
Microsoft Visual Studio Solution File, Format Version 12.00
# Visual Studio Version 16
VisualStudioVersion = 16.0.30204.135
MinimumVisualStudioVersion = 10.0.40219.1
Project("{9A19103F-16F7-4668-BE54-9A1E7A4F7556}") = "ShopAz", "ShopAz\ShopAz.csproj", "{2102AB13-B76D-4D51-8465-E98E3FC4F08F}"
EndProject
Project("{9A19103F-16F7-4668-BE54-9A1E7A4F7556}") = "ShopAz.Data", "ShopAz.Data\ShopAz.Data.csproj", "{6E5FCEB1-0D3A-4F3C-865A-0C77C329BEE6}"
EndProject
Project("{9A19103F-16F7-4668-BE54-9A1E7A4F7556}") = "ShopAz.Entity", "ShopAz.Entity\ShopAz.Entity.csproj", "{098AF8B0-F80A-4BA8-899D-67378A2B4B72}"
EndProject
Project("{9A19103F-16F7-4668-BE54-9A1E7A4F7556}") = "ShopAz.Business", "ShopAz.Business\ShopAz.Business.csproj", "{0058B506-95C4-4C84-80BA-9537577C74F6}"
EndProject
Global
	GlobalSection(SolutionConfigurationPlatforms) = preSolution
		Debug|Any CPU = Debug|Any CPU
		Release|Any CPU = Release|Any CPU
	EndGlobalSection
	GlobalSection(ProjectConfigurationPlatforms) = postSolution
		{2102AB13-B76D-4D51-8465-E98E3FC4F08F}.Debug|Any CPU.ActiveCfg = Debug|Any CPU
		{2102AB13-B76D-4D51-8465-E98E3FC4F08F}.Debug|Any CPU.Build.0 = Debug|Any CPU
		{2102AB13-B76D-4D51-8465-E98E3FC4F08F}.Release|Any CPU.ActiveCfg = Release|Any CPU
		{2102AB13-B76D-4D51-8465-E98E3FC4F08F}.Release|Any CPU.Build.0 = Release|Any CPU
		{6E5FCEB1-0D3A-4F3C-865A-0C77C329BEE6}.Debug|Any CPU.ActiveCfg = Debug|Any CPU
		{6E5FCEB1-0D3A-4F3C-865A-0C77C329BEE6}.Debug|Any CPU.Build.0 = Debug|Any CPU
		{6E5FCEB1-0D3A-4F3C-865A-0C77C329BEE6}.Release|Any CPU.ActiveCfg = Release|Any CPU
		{6E5FCEB1-0D3A-4F3C-865A-0C77C329BEE6}.Release|Any CPU.Build.0 = Release|Any CPU
		{098AF8B0-F80A-4BA8-899D-67378A2B4B72}.Debug|Any CPU.ActiveCfg = Debug|Any CPU
		{098AF8B0-F80A-4BA8-899D-67378A2B4B72}.Debug|Any CPU.Build.0 = Debug|Any CPU
		{098AF8B0-F80A-4BA8-899D-67378A2B4B72}.Release|Any CPU.ActiveCfg = Release|Any CPU
		{098AF8B0-F80A-4BA8-899D-67378A2B4B72}.Release|Any CPU.Build.0 = Release|Any CPU
		{0058B506-95C4-4C84-80BA-9537577C74F6}.Debug|Any CPU.ActiveCfg = Debug|Any CPU
		{0058B506-95C4-4C84-80BA-9537577C74F6}.Debug|Any CPU.Build.0 = Debug|Any CPU
		{0058B506-95C4-4C84-80BA-9537577C74F6}.Release|Any CPU.ActiveCfg = Release|Any CPU
		{0058B506-95C4-4C84-80BA-9537577C74F6}.Release|Any CPU.Build.0 = Release|Any CPU
	EndGlobalSection
	GlobalSection(SolutionProperties) = preSolution
		HideSolutionNode = FALSE
	EndGlobalSection
	GlobalSection(ExtensibilityGlobals) = postSolution
		SolutionGuid = {12ACC0F5-1FEB-41AE-AE69-03CB0059581E}
	EndGlobalSection
EndGlobal
